<?xml version="1.0" encoding="utf-8"?>
<Project ToolsVersion="4.0" xmlns="http://schemas.microsoft.com/developer/msbuild/2003">
  <ItemGroup>
    <Filter Include="Source Files">
      <UniqueIdentifier>{4FC737F1-C7A5-4376-A066-2A32D752A2FF}</UniqueIdentifier>
      <Extensions>cpp;c;cc;cxx;def;odl;idl;hpj;bat;asm;asmx</Extensions>
    </Filter>
    <Filter Include="Header Files">
      <UniqueIdentifier>{93995380-89BD-4b04-88EB-625FBE52EBFB}</UniqueIdentifier>
      <Extensions>h;hpp;hxx;hm;inl;inc;xsd</Extensions>
    </Filter>
    <Filter Include="Resource Files">
      <UniqueIdentifier>{67DA6AB6-F800-4c08-8B7A-83BB121AAD01}</UniqueIdentifier>
      <Extensions>rc;ico;cur;bmp;dlg;rc2;rct;bin;rgs;gif;jpg;jpeg;jpe;resx;tiff;tif;png;wav</Extensions>
    </Filter>
    <Filter Include="Template Files">
      <UniqueIdentifier>{478912d7-7589-494e-86f2-3b1f40060490}</UniqueIdentifier>
    </Filter>
    <Filter Include="OTHERS">
      <UniqueIdentifier>{3b245c67-748f-4130-be2f-84858aa14322}</UniqueIdentifier>
    </Filter>
  </ItemGroup>
  <ItemGroup>
    <ClCompile Include="Base_Exception.cpp">
      <Filter>Source Files</Filter>
    </ClCompile>
    <ClCompile Include="Basic_Logger.cpp">
      <Filter>Source Files</Filter>
    </ClCompile>
    <ClCompile Include="main.cpp">
      <Filter>Source Files</Filter>
    </ClCompile>
    <ClCompile Include="Unicode.cpp">
      <Filter>Source Files</Filter>
    </ClCompile>
    <ClCompile Include="Variable_Library.cpp">
      <Filter>Source Files</Filter>
    </ClCompile>
    <ClCompile Include="itoa.cpp">
      <Filter>Template Files</Filter>
    </ClCompile>
    <ClCompile Include="strtrim.cpp">
      <Filter>Template Files</Filter>
    </ClCompile>
    <ClCompile Include="Window Procedure.cpp">
      <Filter>Source Files</Filter>
    </ClCompile>
    <ClCompile Include="Input_manager.cpp">
      <Filter>Resource Files</Filter>
    </ClCompile>
    <ClCompile Include="Input_Device.cpp">
      <Filter>Resource Files</Filter>
    </ClCompile>
    <ClCompile Include="Tokenizer.cpp">
      <Filter>Template Files</Filter>
    </ClCompile>
  </ItemGroup>
  <ItemGroup>
    <ClInclude Include="Base_Exception.h">
      <Filter>Header Files</Filter>
    </ClInclude>
    <ClInclude Include="Basic_Logger.h">
      <Filter>Header Files</Filter>
    </ClInclude>
    <ClInclude Include="Core_Defines.h">
      <Filter>Header Files</Filter>
    </ClInclude>
    <ClInclude Include="Unicode.h">
      <Filter>Header Files</Filter>
    </ClInclude>
    <ClInclude Include="Variable_Library.h">
      <Filter>Header Files</Filter>
    </ClInclude>
    <ClInclude Include="Input_manager.h">
      <Filter>Resource Files</Filter>
    </ClInclude>
    <ClInclude Include="Assoc_Vector.h">
      <Filter>Template Files</Filter>
    </ClInclude>
    <ClInclude Include="itoa.h">
      <Filter>Template Files</Filter>
    </ClInclude>
    <ClInclude Include="Reference_Counting_Object.h">
      <Filter>Template Files</Filter>
    </ClInclude>
    <ClInclude Include="Singleton.h">
      <Filter>Template Files</Filter>
    </ClInclude>
    <ClInclude Include="strtrim.h">
      <Filter>Template Files</Filter>
    </ClInclude>
    <ClInclude Include="Window Procedure.h">
      <Filter>Header Files</Filter>
    </ClInclude>
    <ClInclude Include="Thread_Safe_Queue.h">
      <Filter>Template Files</Filter>
    </ClInclude>
    <ClInclude Include="Input_Device.h">
      <Filter>Resource Files</Filter>
    </ClInclude>
    <ClInclude Include="Tokenizer.h">
      <Filter>Template Files</Filter>
    </ClInclude>
  </ItemGroup>
</Project>